
Microsoft Visual Studio Solution File, Format Version 12.00
# Visual Studio Version 16
VisualStudioVersion = 16.0.31624.102
MinimumVisualStudioVersion = 10.0.40219.1
Project("{9A19103F-16F7-4668-BE54-9A1E7A4F7556}") = "BatRenamer", "BatRenamer\BatRenamer.csproj", "{22345207-3AA5-432B-B905-3CDE5ECB67B5}"
EndProject
Project("{FAE04EC0-301F-11D3-BF4B-00C04F79EFBC}") = "BatRenamer.Models", "BatRenamer.Models\BatRenamer.Models.csproj", "{668E63A6-3EE7-49A6-BD98-574E8734C993}"
EndProject
Project("{FAE04EC0-301F-11D3-BF4B-00C04F79EFBC}") = "BatRenamer.GUI", "BatRenamer.GUI\BatRenamer.GUI.csproj", "{572B9DEB-5468-4E44-8FBA-45C747FE6100}"
EndProject
Global
	GlobalSection(SolutionConfigurationPlatforms) = preSolution
		Debug|Any CPU = Debug|Any CPU
		Release|Any CPU = Release|Any CPU
	EndGlobalSection
	GlobalSection(ProjectConfigurationPlatforms) = postSolution
		{22345207-3AA5-432B-B905-3CDE5ECB67B5}.Debug|Any CPU.ActiveCfg = Debug|Any CPU
		{22345207-3AA5-432B-B905-3CDE5ECB67B5}.Debug|Any CPU.Build.0 = Debug|Any CPU
		{22345207-3AA5-432B-B905-3CDE5ECB67B5}.Release|Any CPU.ActiveCfg = Release|Any CPU
		{22345207-3AA5-432B-B905-3CDE5ECB67B5}.Release|Any CPU.Build.0 = Release|Any CPU
		{668E63A6-3EE7-49A6-BD98-574E8734C993}.Debug|Any CPU.ActiveCfg = Debug|Any CPU
		{668E63A6-3EE7-49A6-BD98-574E8734C993}.Debug|Any CPU.Build.0 = Debug|Any CPU
		{668E63A6-3EE7-49A6-BD98-574E8734C993}.Release|Any CPU.ActiveCfg = Release|Any CPU
		{668E63A6-3EE7-49A6-BD98-574E8734C993}.Release|Any CPU.Build.0 = Release|Any CPU
		{572B9DEB-5468-4E44-8FBA-45C747FE6100}.Debug|Any CPU.ActiveCfg = Debug|Any CPU
		{572B9DEB-5468-4E44-8FBA-45C747FE6100}.Debug|Any CPU.Build.0 = Debug|Any CPU
		{572B9DEB-5468-4E44-8FBA-45C747FE6100}.Release|Any CPU.ActiveCfg = Release|Any CPU
		{572B9DEB-5468-4E44-8FBA-45C747FE6100}.Release|Any CPU.Build.0 = Release|Any CPU
	EndGlobalSection
	GlobalSection(SolutionProperties) = preSolution
		HideSolutionNode = FALSE
	EndGlobalSection
	GlobalSection(ExtensibilityGlobals) = postSolution
		SolutionGuid = {137A6738-0A73-43A0-9385-23B578D69938}
	EndGlobalSection
EndGlobal
